
Microsoft Visual Studio Solution File, Format Version 12.00
# Visual Studio Version 17
VisualStudioVersion = 17.3.32929.385
MinimumVisualStudioVersion = 10.0.40219.1
Project("{9A19103F-16F7-4668-BE54-9A1E7A4F7556}") = "Domain", "Domain\Domain.csproj", "{B7020300-A0EF-493E-928A-8A3236996C6E}"
EndProject
Project("{2150E333-8FDC-42A3-9474-1A3956D46DE8}") = "Infrastructure", "Infrastructure", "{4A646ACD-FE92-4BC2-9FB3-082F5C09C150}"
EndProject
Project("{9A19103F-16F7-4668-BE54-9A1E7A4F7556}") = "DataAccess", "DataAccess\DataAccess.csproj", "{44548154-CB19-40C0-8343-61683742F159}"
EndProject
Project("{2150E333-8FDC-42A3-9474-1A3956D46DE8}") = "Web", "Web", "{F8871CFB-C790-4551-828C-F4DDFCD82DFD}"
EndProject
Project("{9A19103F-16F7-4668-BE54-9A1E7A4F7556}") = "Server", "Server\Server.csproj", "{179B4E4E-24CB-43A6-8239-1D828AB1A769}"
EndProject
Project("{2150E333-8FDC-42A3-9474-1A3956D46DE8}") = "Core", "Core", "{EB44C8A6-5399-4DB0-8172-C23EF43B54BB}"
EndProject
Project("{9A19103F-16F7-4668-BE54-9A1E7A4F7556}") = "Application", "Application\Application.csproj", "{CADA7C49-0D3A-45FB-9B5C-66AD42140412}"
EndProject
Project("{9A19103F-16F7-4668-BE54-9A1E7A4F7556}") = "Shared", "Shared\Shared.csproj", "{DC9063A6-87D2-4845-B70F-9ADCA74A0EE3}"
EndProject
Project("{9A19103F-16F7-4668-BE54-9A1E7A4F7556}") = "UnitOfWork", "UnitOfWork\UnitOfWork.csproj", "{178B859D-4ED5-4371-AB1E-FF7EB50597AC}"
EndProject
Project("{9A19103F-16F7-4668-BE54-9A1E7A4F7556}") = "Localization", "Localization\Localization.csproj", "{71C5F2EA-4B0E-4A53-A9B9-C5697FEBE8A0}"
EndProject
Project("{9A19103F-16F7-4668-BE54-9A1E7A4F7556}") = "WRMC", "WRMC\WRMC.csproj", "{D600623B-C5AD-4E12-99BA-72A5D175279C}"
EndProject
Project("{9A19103F-16F7-4668-BE54-9A1E7A4F7556}") = "RootComponents", "RootComponents\RootComponents.csproj", "{1BE63530-C0CD-46B3-9015-F37B068441A4}"
EndProject
Project("{2150E333-8FDC-42A3-9474-1A3956D46DE8}") = "Solution Items", "Solution Items", "{3F12E97B-1335-4781-B2EF-8386281345C7}"
	ProjectSection(SolutionItems) = preProject
		.editorconfig = .editorconfig
		AuthController.txt = AuthController.txt
		Demographic.txt = Demographic.txt
		demographic_C.txt = demographic_C.txt
		SelectExpression.txt = SelectExpression.txt
		UserController.txt = UserController.txt
	EndProjectSection
EndProject
Project("{2150E333-8FDC-42A3-9474-1A3956D46DE8}") = "Source", "Source", "{2F524FD1-4D99-4532-BD58-7F5E4EF027B2}"
EndProject
Global
	GlobalSection(SolutionConfigurationPlatforms) = preSolution
		Debug|Any CPU = Debug|Any CPU
		Release|Any CPU = Release|Any CPU
	EndGlobalSection
	GlobalSection(ProjectConfigurationPlatforms) = postSolution
		{B7020300-A0EF-493E-928A-8A3236996C6E}.Debug|Any CPU.ActiveCfg = Debug|Any CPU
		{B7020300-A0EF-493E-928A-8A3236996C6E}.Debug|Any CPU.Build.0 = Debug|Any CPU
		{B7020300-A0EF-493E-928A-8A3236996C6E}.Release|Any CPU.ActiveCfg = Release|Any CPU
		{B7020300-A0EF-493E-928A-8A3236996C6E}.Release|Any CPU.Build.0 = Release|Any CPU
		{44548154-CB19-40C0-8343-61683742F159}.Debug|Any CPU.ActiveCfg = Debug|Any CPU
		{44548154-CB19-40C0-8343-61683742F159}.Debug|Any CPU.Build.0 = Debug|Any CPU
		{44548154-CB19-40C0-8343-61683742F159}.Release|Any CPU.ActiveCfg = Release|Any CPU
		{44548154-CB19-40C0-8343-61683742F159}.Release|Any CPU.Build.0 = Release|Any CPU
		{179B4E4E-24CB-43A6-8239-1D828AB1A769}.Debug|Any CPU.ActiveCfg = Debug|Any CPU
		{179B4E4E-24CB-43A6-8239-1D828AB1A769}.Debug|Any CPU.Build.0 = Debug|Any CPU
		{179B4E4E-24CB-43A6-8239-1D828AB1A769}.Release|Any CPU.ActiveCfg = Release|Any CPU
		{179B4E4E-24CB-43A6-8239-1D828AB1A769}.Release|Any CPU.Build.0 = Release|Any CPU
		{CADA7C49-0D3A-45FB-9B5C-66AD42140412}.Debug|Any CPU.ActiveCfg = Debug|Any CPU
		{CADA7C49-0D3A-45FB-9B5C-66AD42140412}.Debug|Any CPU.Build.0 = Debug|Any CPU
		{CADA7C49-0D3A-45FB-9B5C-66AD42140412}.Release|Any CPU.ActiveCfg = Release|Any CPU
		{CADA7C49-0D3A-45FB-9B5C-66AD42140412}.Release|Any CPU.Build.0 = Release|Any CPU
		{DC9063A6-87D2-4845-B70F-9ADCA74A0EE3}.Debug|Any CPU.ActiveCfg = Debug|Any CPU
		{DC9063A6-87D2-4845-B70F-9ADCA74A0EE3}.Debug|Any CPU.Build.0 = Debug|Any CPU
		{DC9063A6-87D2-4845-B70F-9ADCA74A0EE3}.Release|Any CPU.ActiveCfg = Release|Any CPU
		{DC9063A6-87D2-4845-B70F-9ADCA74A0EE3}.Release|Any CPU.Build.0 = Release|Any CPU
		{178B859D-4ED5-4371-AB1E-FF7EB50597AC}.Debug|Any CPU.ActiveCfg = Debug|Any CPU
		{178B859D-4ED5-4371-AB1E-FF7EB50597AC}.Debug|Any CPU.Build.0 = Debug|Any CPU
		{178B859D-4ED5-4371-AB1E-FF7EB50597AC}.Release|Any CPU.ActiveCfg = Release|Any CPU
		{178B859D-4ED5-4371-AB1E-FF7EB50597AC}.Release|Any CPU.Build.0 = Release|Any CPU
		{71C5F2EA-4B0E-4A53-A9B9-C5697FEBE8A0}.Debug|Any CPU.ActiveCfg = Debug|Any CPU
		{71C5F2EA-4B0E-4A53-A9B9-C5697FEBE8A0}.Debug|Any CPU.Build.0 = Debug|Any CPU
		{71C5F2EA-4B0E-4A53-A9B9-C5697FEBE8A0}.Release|Any CPU.ActiveCfg = Release|Any CPU
		{71C5F2EA-4B0E-4A53-A9B9-C5697FEBE8A0}.Release|Any CPU.Build.0 = Release|Any CPU
		{D600623B-C5AD-4E12-99BA-72A5D175279C}.Debug|Any CPU.ActiveCfg = Debug|Any CPU
		{D600623B-C5AD-4E12-99BA-72A5D175279C}.Debug|Any CPU.Build.0 = Debug|Any CPU
		{D600623B-C5AD-4E12-99BA-72A5D175279C}.Release|Any CPU.ActiveCfg = Release|Any CPU
		{D600623B-C5AD-4E12-99BA-72A5D175279C}.Release|Any CPU.Build.0 = Release|Any CPU
		{1BE63530-C0CD-46B3-9015-F37B068441A4}.Debug|Any CPU.ActiveCfg = Debug|Any CPU
		{1BE63530-C0CD-46B3-9015-F37B068441A4}.Debug|Any CPU.Build.0 = Debug|Any CPU
		{1BE63530-C0CD-46B3-9015-F37B068441A4}.Release|Any CPU.ActiveCfg = Release|Any CPU
		{1BE63530-C0CD-46B3-9015-F37B068441A4}.Release|Any CPU.Build.0 = Release|Any CPU
	EndGlobalSection
	GlobalSection(SolutionProperties) = preSolution
		HideSolutionNode = FALSE
	EndGlobalSection
	GlobalSection(NestedProjects) = preSolution
		{B7020300-A0EF-493E-928A-8A3236996C6E} = {4A646ACD-FE92-4BC2-9FB3-082F5C09C150}
		{4A646ACD-FE92-4BC2-9FB3-082F5C09C150} = {2F524FD1-4D99-4532-BD58-7F5E4EF027B2}
		{44548154-CB19-40C0-8343-61683742F159} = {4A646ACD-FE92-4BC2-9FB3-082F5C09C150}
		{F8871CFB-C790-4551-828C-F4DDFCD82DFD} = {2F524FD1-4D99-4532-BD58-7F5E4EF027B2}
		{179B4E4E-24CB-43A6-8239-1D828AB1A769} = {F8871CFB-C790-4551-828C-F4DDFCD82DFD}
		{EB44C8A6-5399-4DB0-8172-C23EF43B54BB} = {2F524FD1-4D99-4532-BD58-7F5E4EF027B2}
		{CADA7C49-0D3A-45FB-9B5C-66AD42140412} = {EB44C8A6-5399-4DB0-8172-C23EF43B54BB}
		{DC9063A6-87D2-4845-B70F-9ADCA74A0EE3} = {EB44C8A6-5399-4DB0-8172-C23EF43B54BB}
		{178B859D-4ED5-4371-AB1E-FF7EB50597AC} = {4A646ACD-FE92-4BC2-9FB3-082F5C09C150}
		{71C5F2EA-4B0E-4A53-A9B9-C5697FEBE8A0} = {4A646ACD-FE92-4BC2-9FB3-082F5C09C150}
		{D600623B-C5AD-4E12-99BA-72A5D175279C} = {F8871CFB-C790-4551-828C-F4DDFCD82DFD}
		{1BE63530-C0CD-46B3-9015-F37B068441A4} = {F8871CFB-C790-4551-828C-F4DDFCD82DFD}
	EndGlobalSection
	GlobalSection(ExtensibilityGlobals) = postSolution
		SolutionGuid = {2511A6BD-DE1B-4C9D-B42A-CA8B39D4EDFE}
	EndGlobalSection
EndGlobal
